// !$*UTF8*$!
{
	archiveVersion = 1;
	classes = {
	};
	objectVersion = 46;
	objects = {

/* Begin PBXBuildFile section */
		F5B5BE3D1BBD13E0003CF87B /* AppDelegate.swift in Sources */ = {isa = PBXBuildFile; fileRef = F5B5BE3C1BBD13E0003CF87B /* AppDelegate.swift */; };
		F5B5BE421BBD13E0003CF87B /* Main.storyboard in Resources */ = {isa = PBXBuildFile; fileRef = F5B5BE401BBD13E0003CF87B /* Main.storyboard */; };
		F5B5BE441BBD13E0003CF87B /* Images.xcassets in Resources */ = {isa = PBXBuildFile; fileRef = F5B5BE431BBD13E0003CF87B /* Images.xcassets */; };
		F5B5BE471BBD13E0003CF87B /* LaunchScreen.xib in Resources */ = {isa = PBXBuildFile; fileRef = F5B5BE451BBD13E0003CF87B /* LaunchScreen.xib */; };
		F5B5BE531BBD13E0003CF87B /* Assignment4_1Tests.swift in Sources */ = {isa = PBXBuildFile; fileRef = F5B5BE521BBD13E0003CF87B /* Assignment4_1Tests.swift */; };
		F5B5BE5D1BBD1457003CF87B /* TableViewController.swift in Sources */ = {isa = PBXBuildFile; fileRef = F5B5BE5C1BBD1457003CF87B /* TableViewController.swift */; };
		F5B5BE611BBD1644003CF87B /* Pirate.swift in Sources */ = {isa = PBXBuildFile; fileRef = F5B5BE601BBD1644003CF87B /* Pirate.swift */; };
		F5B5BE631BBD1678003CF87B /* DetailsViewController.swift in Sources */ = {isa = PBXBuildFile; fileRef = F5B5BE621BBD1678003CF87B /* DetailsViewController.swift */; };
/* End PBXBuildFile section */

/* Begin PBXContainerItemProxy section */
		F5B5BE4D1BBD13E0003CF87B /* PBXContainerItemProxy */ = {
			isa = PBXContainerItemProxy;
			containerPortal = F5B5BE2F1BBD13E0003CF87B /* Project object */;
			proxyType = 1;
			remoteGlobalIDString = F5B5BE361BBD13E0003CF87B;
			remoteInfo = Assignment4.1;
		};
/* End PBXContainerItemProxy section */

/* Begin PBXFileReference section */
		F5B5BE371BBD13E0003CF87B /* Assignment4.1.app */ = {isa = PBXFileReference; explicitFileType = wrapper.application; includeInIndex = 0; path = Assignment4.1.app; sourceTree = BUILT_PRODUCTS_DIR; };
		F5B5BE3B1BBD13E0003CF87B /* Info.plist */ = {isa = PBXFileReference; lastKnownFileType = text.plist.xml; path = Info.plist; sourceTree = "<group>"; };
		F5B5BE3C1BBD13E0003CF87B /* AppDelegate.swift */ = {isa = PBXFileReference; lastKnownFileType = sourcecode.swift; path = AppDelegate.swift; sourceTree = "<group>"; };
		F5B5BE411BBD13E0003CF87B /* Base */ = {isa = PBXFileReference; lastKnownFileType = file.storyboard; name = Base; path = Base.lproj/Main.storyboard; sourceTree = "<group>"; };
		F5B5BE431BBD13E0003CF87B /* Images.xcassets */ = {isa = PBXFileReference; lastKnownFileType = folder.assetcatalog; path = Images.xcassets; sourceTree = "<group>"; };
		F5B5BE461BBD13E0003CF87B /* Base */ = {isa = PBXFileReference; lastKnownFileType = file.xib; name = Base; path = Base.lproj/LaunchScreen.xib; sourceTree = "<group>"; };
		F5B5BE4C1BBD13E0003CF87B /* Assignment4.1Tests.xctest */ = {isa = PBXFileReference; explicitFileType = wrapper.cfbundle; includeInIndex = 0; path = Assignment4.1Tests.xctest; sourceTree = BUILT_PRODUCTS_DIR; };
		F5B5BE511BBD13E0003CF87B /* Info.plist */ = {isa = PBXFileReference; lastKnownFileType = text.plist.xml; path = Info.plist; sourceTree = "<group>"; };
		F5B5BE521BBD13E0003CF87B /* Assignment4_1Tests.swift */ = {isa = PBXFileReference; lastKnownFileType = sourcecode.swift; path = Assignment4_1Tests.swift; sourceTree = "<group>"; };
		F5B5BE5C1BBD1457003CF87B /* TableViewController.swift */ = {isa = PBXFileReference; fileEncoding = 4; lastKnownFileType = sourcecode.swift; name = TableViewController.swift; path = ../TableViewController.swift; sourceTree = "<group>"; };
		F5B5BE601BBD1644003CF87B /* Pirate.swift */ = {isa = PBXFileReference; fileEncoding = 4; lastKnownFileType = sourcecode.swift; path = Pirate.swift; sourceTree = "<group>"; };
		F5B5BE621BBD1678003CF87B /* DetailsViewController.swift */ = {isa = PBXFileReference; fileEncoding = 4; lastKnownFileType = sourcecode.swift; path = DetailsViewController.swift; sourceTree = "<group>"; };
/* End PBXFileReference section */

/* Begin PBXFrameworksBuildPhase section */
		F5B5BE341BBD13E0003CF87B /* Frameworks */ = {
			isa = PBXFrameworksBuildPhase;
			buildActionMask = 2147483647;
			files = (
			);
			runOnlyForDeploymentPostprocessing = 0;
		};
		F5B5BE491BBD13E0003CF87B /* Frameworks */ = {
			isa = PBXFrameworksBuildPhase;
			buildActionMask = 2147483647;
			files = (
			);
			runOnlyForDeploymentPostprocessing = 0;
		};
/* End PBXFrameworksBuildPhase section */

/* Begin PBXGroup section */
		F5B5BE2E1BBD13E0003CF87B = {
			isa = PBXGroup;
			children = (
				F5B5BE391BBD13E0003CF87B /* Assignment4.1 */,
				F5B5BE4F1BBD13E0003CF87B /* Assignment4.1Tests */,
				F5B5BE381BBD13E0003CF87B /* Products */,
			);
			sourceTree = "<group>";
		};
		F5B5BE381BBD13E0003CF87B /* Products */ = {
			isa = PBXGroup;
			children = (
				F5B5BE371BBD13E0003CF87B /* Assignment4.1.app */,
				F5B5BE4C1BBD13E0003CF87B /* Assignment4.1Tests.xctest */,
			);
			name = Products;
			sourceTree = "<group>";
		};
		F5B5BE391BBD13E0003CF87B /* Assignment4.1 */ = {
			isa = PBXGroup;
			children = (
				F5B5BE3C1BBD13E0003CF87B /* AppDelegate.swift */,
				F5B5BE5C1BBD1457003CF87B /* TableViewController.swift */,
				F5B5BE621BBD1678003CF87B /* DetailsViewController.swift */,
				F5B5BE601BBD1644003CF87B /* Pirate.swift */,
				F5B5BE401BBD13E0003CF87B /* Main.storyboard */,
				F5B5BE431BBD13E0003CF87B /* Images.xcassets */,
				F5B5BE451BBD13E0003CF87B /* LaunchScreen.xib */,
				F5B5BE3A1BBD13E0003CF87B /* Supporting Files */,
			);
			path = Assignment4.1;
			sourceTree = "<group>";
		};
		F5B5BE3A1BBD13E0003CF87B /* Supporting Files */ = {
			isa = PBXGroup;
			children = (
				F5B5BE3B1BBD13E0003CF87B /* Info.plist */,
			);
			name = "Supporting Files";
			sourceTree = "<group>";
		};
		F5B5BE4F1BBD13E0003CF87B /* Assignment4.1Tests */ = {
			isa = PBXGroup;
			children = (
				F5B5BE521BBD13E0003CF87B /* Assignment4_1Tests.swift */,
				F5B5BE501BBD13E0003CF87B /* Supporting Files */,
			);
			path = Assignment4.1Tests;
			sourceTree = "<group>";
		};
		F5B5BE501BBD13E0003CF87B /* Supporting Files */ = {
			isa = PBXGroup;
			children = (
				F5B5BE511BBD13E0003CF87B /* Info.plist */,
			);
			name = "Supporting Files";
			sourceTree = "<group>";
		};
/* End PBXGroup section */

/* Begin PBXNativeTarget section */
		F5B5BE361BBD13E0003CF87B /* Assignment4.1 */ = {
			isa = PBXNativeTarget;
			buildConfigurationList = F5B5BE561BBD13E0003CF87B /* Build configuration list for PBXNativeTarget "Assignment4.1" */;
			buildPhases = (
				F5B5BE331BBD13E0003CF87B /* Sources */,
				F5B5BE341BBD13E0003CF87B /* Frameworks */,
				F5B5BE351BBD13E0003CF87B /* Resources */,
			);
			buildRules = (
			);
			dependencies = (
			);
			name = Assignment4.1;
			productName = Assignment4.1;
			productReference = F5B5BE371BBD13E0003CF87B /* Assignment4.1.app */;
			productType = "com.apple.product-type.application";
		};
		F5B5BE4B1BBD13E0003CF87B /* Assignment4.1Tests */ = {
			isa = PBXNativeTarget;
			buildConfigurationList = F5B5BE591BBD13E0003CF87B /* Build configuration list for PBXNativeTarget "Assignment4.1Tests" */;
			buildPhases = (
				F5B5BE481BBD13E0003CF87B /* Sources */,
				F5B5BE491BBD13E0003CF87B /* Frameworks */,
				F5B5BE4A1BBD13E0003CF87B /* Resources */,
			);
			buildRules = (
			);
			dependencies = (
				F5B5BE4E1BBD13E0003CF87B /* PBXTargetDependency */,
			);
			name = Assignment4.1Tests;
			productName = Assignment4.1Tests;
			productReference = F5B5BE4C1BBD13E0003CF87B /* Assignment4.1Tests.xctest */;
			productType = "com.apple.product-type.bundle.unit-test";
		};
/* End PBXNativeTarget section */

/* Begin PBXProject section */
		F5B5BE2F1BBD13E0003CF87B /* Project object */ = {
			isa = PBXProject;
			attributes = {
				LastUpgradeCheck = 0640;
				ORGANIZATIONNAME = Fhict;
				TargetAttributes = {
					F5B5BE361BBD13E0003CF87B = {
						CreatedOnToolsVersion = 6.4;
					};
					F5B5BE4B1BBD13E0003CF87B = {
						CreatedOnToolsVersion = 6.4;
						TestTargetID = F5B5BE361BBD13E0003CF87B;
					};
				};
			};
			buildConfigurationList = F5B5BE321BBD13E0003CF87B /* Build configuration list for PBXProject "Assignment4.1" */;
			compatibilityVersion = "Xcode 3.2";
			developmentRegion = English;
			hasScannedForEncodings = 0;
			knownRegions = (
				en,
				Base,
			);
			mainGroup = F5B5BE2E1BBD13E0003CF87B;
			productRefGroup = F5B5BE381BBD13E0003CF87B /* Products */;
			projectDirPath = "";
			projectRoot = "";
			targets = (
				F5B5BE361BBD13E0003CF87B /* Assignment4.1 */,
				F5B5BE4B1BBD13E0003CF87B /* Assignment4.1Tests */,
			);
		};
/* End PBXProject section */

/* Begin PBXResourcesBuildPhase section */
		F5B5BE351BBD13E0003CF87B /* Resources */ = {
			isa = PBXResourcesBuildPhase;
			buildActionMask = 2147483647;
			files = (
				F5B5BE421BBD13E0003CF87B /* Main.storyboard in Resources */,
				F5B5BE471BBD13E0003CF87B /* LaunchScreen.xib in Resources */,
				F5B5BE441BBD13E0003CF87B /* Images.xcassets in Resources */,
			);
			runOnlyForDeploymentPostprocessing = 0;
		};
		F5B5BE4A1BBD13E0003CF87B /* Resources */ = {
			isa = PBXResourcesBuildPhase;
			buildActionMask = 2147483647;
			files = (
			);
			runOnlyForDeploymentPostprocessing = 0;
		};
/* End PBXResourcesBuildPhase section */

/* Begin PBXSourcesBuildPhase section */
		F5B5BE331BBD13E0003CF87B /* Sources */ = {
			isa = PBXSourcesBuildPhase;
			buildActionMask = 2147483647;
			files = (
				F5B5BE611BBD1644003CF87B /* Pirate.swift in Sources */,
				F5B5BE3D1BBD13E0003CF87B /* AppDelegate.swift in Sources */,
				F5B5BE5D1BBD1457003CF87B /* TableViewController.swift in Sources */,
				F5B5BE631BBD1678003CF87B /* DetailsViewController.swift in Sources */,
			);
			runOnlyForDeploymentPostprocessing = 0;
		};
		F5B5BE481BBD13E0003CF87B /* Sources */ = {
			isa = PBXSourcesBuildPhase;
			buildActionMask = 2147483647;
			files = (
				F5B5BE531BBD13E0003CF87B /* Assignment4_1Tests.swift in Sources */,
			);
			runOnlyForDeploymentPostprocessing = 0;
		};
/* End PBXSourcesBuildPhase section */

/* Begin PBXTargetDependency section */
		F5B5BE4E1BBD13E0003CF87B /* PBXTargetDependency */ = {
			isa = PBXTargetDependency;
			target = F5B5BE361BBD13E0003CF87B /* Assignment4.1 */;
			targetProxy = F5B5BE4D1BBD13E0003CF87B /* PBXContainerItemProxy */;
		};
/* End PBXTargetDependency section */

/* Begin PBXVariantGroup section */
		F5B5BE401BBD13E0003CF87B /* Main.storyboard */ = {
			isa = PBXVariantGroup;
			children = (
				F5B5BE411BBD13E0003CF87B /* Base */,
			);
			name = Main.storyboard;
			sourceTree = "<group>";
		};
		F5B5BE451BBD13E0003CF87B /* LaunchScreen.xib */ = {
			isa = PBXVariantGroup;
			children = (
				F5B5BE461BBD13E0003CF87B /* Base */,
			);
			name = LaunchScreen.xib;
			sourceTree = "<group>";
		};
/* End PBXVariantGroup section */

/* Begin XCBuildConfiguration section */
		F5B5BE541BBD13E0003CF87B /* Debug */ = {
			isa = XCBuildConfiguration;
			buildSettings = {
				ALWAYS_SEARCH_USER_PATHS = NO;
				CLANG_CXX_LANGUAGE_STANDARD = "gnu++0x";
				CLANG_CXX_LIBRARY = "libc++";
				CLANG_ENABLE_MODULES = YES;
				CLANG_ENABLE_OBJC_ARC = YES;
				CLANG_WARN_BOOL_CONVERSION = YES;
				CLANG_WARN_CONSTANT_CONVERSION = YES;
				CLANG_WARN_DIRECT_OBJC_ISA_USAGE = YES_ERROR;
				CLANG_WARN_EMPTY_BODY = YES;
				CLANG_WARN_ENUM_CONVERSION = YES;
				CLANG_WARN_INT_CONVERSION = YES;
				CLANG_WARN_OBJC_ROOT_CLASS = YES_ERROR;
				CLANG_WARN_UNREACHABLE_CODE = YES;
				CLANG_WARN__DUPLICATE_METHOD_MATCH = YES;
				"CODE_SIGN_IDENTITY[sdk=iphoneos*]" = "iPhone Developer";
				COPY_PHASE_STRIP = NO;
				DEBUG_INFORMATION_FORMAT = "dwarf-with-dsym";
				ENABLE_STRICT_OBJC_MSGSEND = YES;
				GCC_C_LANGUAGE_STANDARD = gnu99;
				GCC_DYNAMIC_NO_PIC = NO;
				GCC_NO_COMMON_BLOCKS = YES;
				GCC_OPTIMIZATION_LEVEL = 0;
				GCC_PREPROCESSOR_DEFINITIONS = (
					"DEBUG=1",
					"$(inherited)",
				);
				GCC_SYMBOLS_PRIVATE_EXTERN = NO;
				GCC_WARN_64_TO_32_BIT_CONVERSION = YES;
				GCC_WARN_ABOUT_RETURN_TYPE = YES_ERROR;
				GCC_WARN_UNDECLARED_SELECTOR = YES;
				GCC_WARN_UNINITIALIZED_AUTOS = YES_AGGRESSIVE;
				GCC_WARN_UNUSED_FUNCTION = YES;
				GCC_WARN_UNUSED_VARIABLE = YES;
				IPHONEOS_DEPLOYMENT_TARGET = 8.4;
				MTL_ENABLE_DEBUG_INFO = YES;
				ONLY_ACTIVE_ARCH = YES;
				SDKROOT = iphoneos;
				SWIFT_OPTIMIZATION_LEVEL = "-Onone";
			};
			name = Debug;
		};
		F5B5BE551BBD13E0003CF87B /* Release */ = {
			isa = XCBuildConfiguration;
			buildSettings = {
				ALWAYS_SEARCH_USER_PATHS = NO;
				CLANG_CXX_LANGUAGE_STANDARD = "gnu++0x";
				CLANG_CXX_LIBRARY = "libc++";
				CLANG_ENABLE_MODULES = YES;
				CLANG_ENABLE_OBJC_ARC = YES;
				CLANG_WARN_BOOL_CONVERSION = YES;
				CLANG_WARN_CONSTANT_CONVERSION = YES;
				CLANG_WARN_DIRECT_OBJC_ISA_USAGE = YES_ERROR;
				CLANG_WARN_EMPTY_BODY = YES;
				CLANG_WARN_ENUM_CONVERSION = YES;
				CLANG_WARN_INT_CONVERSION = YES;
				CLANG_WARN_OBJC_ROOT_CLASS = YES_ERROR;
				CLANG_WARN_UNREACHABLE_CODE = YES;
				CLANG_WARN__DUPLICATE_METHOD_MATCH = YES;
				"CODE_SIGN_IDENTITY[sdk=iphoneos*]" = "iPhone Developer";
				COPY_PHASE_STRIP = NO;
				DEBUG_INFORMATION_FORMAT = "dwarf-with-dsym";
				ENABLE_NS_ASSERTIONS = NO;
				ENABLE_STRICT_OBJC_MSGSEND = YES;
				GCC_C_LANGUAGE_STANDARD = gnu99;
				GCC_NO_COMMON_BLOCKS = YES;
				GCC_WARN_64_TO_32_BIT_CONVERSION = YES;
				GCC_WARN_ABOUT_RETURN_TYPE = YES_ERROR;
				GCC_WARN_UNDECLARED_SELECTOR = YES;
				GCC_WARN_UNINITIALIZED_AUTOS = YES_AGGRESSIVE;
				GCC_WARN_UNUSED_FUNCTION = YES;
				GCC_WARN_UNUSED_VARIABLE = YES;
				IPHONEOS_DEPLOYMENT_TARGET = 8.4;
				MTL_ENABLE_DEBUG_INFO = NO;
				SDKROOT = iphoneos;
				VALIDATE_PRODUCT = YES;
			};
			name = Release;
		};
		F5B5BE571BBD13E0003CF87B /* Debug */ = {
			isa = XCBuildConfiguration;
			buildSettings = {
				ASSETCATALOG_COMPILER_APPICON_NAME = AppIcon;
				INFOPLIST_FILE = Assignment4.1/Info.plist;
				LD_RUNPATH_SEARCH_PATHS = "$(inherited) @executable_path/Frameworks";
				PRODUCT_NAME = "$(TARGET_NAME)";
			};
			name = Debug;
		};
		F5B5BE581BBD13E0003CF87B /* Release */ = {
			isa = XCBuildConfiguration;
			buildSettings = {
				ASSETCATALOG_COMPILER_APPICON_NAME = AppIcon;
				INFOPLIST_FILE = Assignment4.1/Info.plist;
				LD_RUNPATH_SEARCH_PATHS = "$(inherited) @executable_path/Frameworks";
				PRODUCT_NAME = "$(TARGET_NAME)";
			};
			name = Release;
		};
		F5B5BE5A1BBD13E0003CF87B /* Debug */ = {
			isa = XCBuildConfiguration;
			buildSettings = {
				BUNDLE_LOADER = "$(TEST_HOST)";
				FRAMEWORK_SEARCH_PATHS = (
					"$(SDKROOT)/Developer/Library/Frameworks",
					"$(inherited)",
				);
				GCC_PREPROCESSOR_DEFINITIONS = (
					"DEBUG=1",
					"$(inherited)",
				);
				INFOPLIST_FILE = Assignment4.1Tests/Info.plist;
				LD_RUNPATH_SEARCH_PATHS = "$(inherited) @executable_path/Frameworks @loader_path/Frameworks";
				PRODUCT_NAME = "$(TARGET_NAME)";
				TEST_HOST = "$(BUILT_PRODUCTS_DIR)/Assignment4.1.app/Assignment4.1";
			};
			name = Debug;
		};
		F5B5BE5B1BBD13E0003CF87B /* Release */ = {
			isa = XCBuildConfiguration;
			buildSettings = {
				BUNDLE_LOADER = "$(TEST_HOST)";
				FRAMEWORK_SEARCH_PATHS = (
					"$(SDKROOT)/Developer/Library/Frameworks",
					"$(inherited)",
				);
				INFOPLIST_FILE = Assignment4.1Tests/Info.plist;
				LD_RUNPATH_SEARCH_PATHS = "$(inherited) @executable_path/Frameworks @loader_path/Frameworks";
				PRODUCT_NAME = "$(TARGET_NAME)";
				TEST_HOST = "$(BUILT_PRODUCTS_DIR)/Assignment4.1.app/Assignment4.1";
			};
			name = Release;
		};
/* End XCBuildConfiguration section */

/* Begin XCConfigurationList section */
		F5B5BE321BBD13E0003CF87B /* Build configuration list for PBXProject "Assignment4.1" */ = {
			isa = XCConfigurationList;
			buildConfigurations = (
				F5B5BE541BBD13E0003CF87B /* Debug */,
				F5B5BE551BBD13E0003CF87B /* Release */,
			);
			defaultConfigurationIsVisible = 0;
			defaultConfigurationName = Release;
		};
		F5B5BE561BBD13E0003CF87B /* Build configuration list for PBXNativeTarget "Assignment4.1" */ = {
			isa = XCConfigurationList;
			buildConfigurations = (
				F5B5BE571BBD13E0003CF87B /* Debug */,
				F5B5BE581BBD13E0003CF87B /* Release */,
			);
			defaultConfigurationIsVisible = 0;
		};
		F5B5BE591BBD13E0003CF87B /* Build configuration list for PBXNativeTarget "Assignment4.1Tests" */ = {
			isa = XCConfigurationList;
			buildConfigurations = (
				F5B5BE5A1BBD13E0003CF87B /* Debug */,
				F5B5BE5B1BBD13E0003CF87B /* Release */,
			);
			defaultConfigurationIsVisible = 0;
		};
/* End XCConfigurationList section */
	};
	rootObject = F5B5BE2F1BBD13E0003CF87B /* Project object */;
}
